{
  "name": "lisa",
  "version": "1.0.4",
  "lockfileVersion": 1,
  "requires": true,
  "dependencies": {
    "asn1": {
      "version": "0.2.3",
      "resolved": "https://registry.npmjs.org/asn1/-/asn1-0.2.3.tgz",
      "integrity": "sha1-2sh4dxPJlmhJ/IGAd36+nB3fO4Y="
    },
    "async": {
      "version": "0.9.0",
      "resolved": "https://registry.npmjs.org/async/-/async-0.9.0.tgz",
      "integrity": "sha1-rDYTsdqb7RtHUQu0ZRuJMeRxRsc="
    },
    "blessed": {
      "version": "0.0.51",
      "resolved": "https://registry.npmjs.org/blessed/-/blessed-0.0.51.tgz",
      "integrity": "sha1-ED8hegxTaXJ8/kfzBpXhsfYVyq4="
    },
    "colors": {
      "version": "0.6.2",
      "resolved": "https://registry.npmjs.org/colors/-/colors-0.6.2.tgz",
      "integrity": "sha1-JCP+ZnisDF2uiFLl0OW+CMmXq8w="
    },
    "core-util-is": {
      "version": "1.0.2",
      "resolved": "https://registry.npmjs.org/core-util-is/-/core-util-is-1.0.2.tgz",
      "integrity": "sha1-tf1UIgqivFq1eqtxQMlAdUUDwac="
    },
    "drawille": {
      "version": "0.1.1",
      "resolved": "https://registry.npmjs.org/drawille/-/drawille-0.1.1.tgz",
      "integrity": "sha1-1qwqQfeRB5OPJXh2LTQ9+LFCPVo="
    },
    "extend": {
      "version": "2.0.0",
      "resolved": "https://registry.npmjs.org/extend/-/extend-2.0.0.tgz",
      "integrity": "sha1-zDweI4Uh30wo4/MIaLcyS7WJilw="
    },
    "inherits": {
      "version": "2.0.3",
      "resolved": "https://registry.npmjs.org/inherits/-/inherits-2.0.3.tgz",
      "integrity": "sha1-Yzwsg+PaQqUC9SRmAiSA9CCCYd4="
    },
    "inquirer": {
      "version": "0.10.0",
      "resolved": "https://registry.npmjs.org/inquirer/-/inquirer-0.10.0.tgz",
      "integrity": "sha1-SM0+I/jZiaUtR9xeEOx1MkOH6Qg=",
      "requires": {
        "ansi-escapes": "1.1.0",
        "ansi-regex": "2.0.0",
        "chalk": "1.1.1",
        "cli-cursor": "1.0.2",
        "cli-width": "1.0.1",
        "figures": "1.4.0",
        "lodash": "3.10.1",
        "readline2": "1.0.1",
        "run-async": "0.1.0",
        "rx-lite": "3.1.2",
        "strip-ansi": "3.0.0",
        "through": "2.3.8"
      },
      "dependencies": {
        "ansi-escapes": {
          "version": "1.1.0",
          "resolved": "https://registry.npmjs.org/ansi-escapes/-/ansi-escapes-1.1.0.tgz",
          "integrity": "sha1-IWCO3TpPxaVow7jYPtSswonV7Hc="
        },
        "ansi-regex": {
          "version": "2.0.0",
          "resolved": "https://registry.npmjs.org/ansi-regex/-/ansi-regex-2.0.0.tgz",
          "integrity": "sha1-xQYbbg74qBd15Q9dZhUb9r83EQc="
        },
        "chalk": {
          "version": "1.1.1",
          "resolved": "https://registry.npmjs.org/chalk/-/chalk-1.1.1.tgz",
          "integrity": "sha1-UJr7ZwZudJn36zU1x3RFdyri0Bk=",
          "requires": {
            "ansi-styles": "2.1.0",
            "escape-string-regexp": "1.0.3",
            "has-ansi": "2.0.0",
            "strip-ansi": "3.0.0",
            "supports-color": "2.0.0"
          },
          "dependencies": {
            "ansi-styles": {
              "version": "2.1.0",
              "resolved": "https://registry.npmjs.org/ansi-styles/-/ansi-styles-2.1.0.tgz",
              "integrity": "sha1-mQ90cUaSe1Wakyv5KVkWPWDA0OI="
            },
            "escape-string-regexp": {
              "version": "1.0.3",
              "resolved": "https://registry.npmjs.org/escape-string-regexp/-/escape-string-regexp-1.0.3.tgz",
              "integrity": "sha1-ni2LJbwlVcMzZyN1DgPwmcJzW7U="
            },
            "has-ansi": {
              "version": "2.0.0",
              "resolved": "https://registry.npmjs.org/has-ansi/-/has-ansi-2.0.0.tgz",
              "integrity": "sha1-NPUEnOHs3ysGSa8+8k5F7TVBbZE=",
              "requires": {
                "ansi-regex": "2.0.0"
              }
            },
            "supports-color": {
              "version": "2.0.0",
              "resolved": "https://registry.npmjs.org/supports-color/-/supports-color-2.0.0.tgz",
              "integrity": "sha1-U10EXOa2Nj+kARcIRimZXp3zJMc="
            }
          }
        },
        "cli-cursor": {
          "version": "1.0.2",
          "resolved": "https://registry.npmjs.org/cli-cursor/-/cli-cursor-1.0.2.tgz",
          "integrity": "sha1-ZNo/fValRBLll5S9Ytw1KV6PKYc=",
          "requires": {
            "restore-cursor": "1.0.1"
          },
          "dependencies": {
            "restore-cursor": {
              "version": "1.0.1",
              "resolved": "https://registry.npmjs.org/restore-cursor/-/restore-cursor-1.0.1.tgz",
              "integrity": "sha1-NGYfRohjJ/7SmRR5FSJS35LapUE=",
              "requires": {
                "exit-hook": "1.1.1",
                "onetime": "1.0.0"
              },
              "dependencies": {
                "exit-hook": {
                  "version": "1.1.1",
                  "resolved": "https://registry.npmjs.org/exit-hook/-/exit-hook-1.1.1.tgz",
                  "integrity": "sha1-8FyiM7SMBdVP/wd2XfhQfpXAL/g="
                },
                "onetime": {
                  "version": "1.0.0",
                  "resolved": "https://registry.npmjs.org/onetime/-/onetime-1.0.0.tgz",
                  "integrity": "sha1-Ogio4514Ft9S00iGN0+47YtlH2I="
                }
              }
            }
          }
        },
        "cli-width": {
          "version": "1.0.1",
          "resolved": "https://registry.npmjs.org/cli-width/-/cli-width-1.0.1.tgz",
          "integrity": "sha1-FNT2hwI02R6X992B52voJxQQoe8="
        },
        "figures": {
          "version": "1.4.0",
          "resolved": "https://registry.npmjs.org/figures/-/figures-1.4.0.tgz",
          "integrity": "sha1-649WOQ2+MIEESlwqnZCJB1pIQy8="
        },
        "lodash": {
          "version": "3.10.1",
          "resolved": "https://registry.npmjs.org/lodash/-/lodash-3.10.1.tgz",
          "integrity": "sha1-W/Rejkm6QYnhfUgnid/RW9FAt7Y="
        },
        "readline2": {
          "version": "1.0.1",
          "resolved": "https://registry.npmjs.org/readline2/-/readline2-1.0.1.tgz",
          "integrity": "sha1-QQWWCP/BVHV7cV2ZidGZ/783LjU=",
          "requires": {
            "code-point-at": "1.0.0",
            "is-fullwidth-code-point": "1.0.0",
            "mute-stream": "0.0.5"
          },
          "dependencies": {
            "code-point-at": {
              "version": "1.0.0",
              "resolved": "https://registry.npmjs.org/code-point-at/-/code-point-at-1.0.0.tgz",
              "integrity": "sha1-9psZLT99keOC5Lcb3bd4eGGasMY=",
              "requires": {
                "number-is-nan": "1.0.0"
              },
              "dependencies": {
                "number-is-nan": {
                  "version": "1.0.0",
                  "resolved": "https://registry.npmjs.org/number-is-nan/-/number-is-nan-1.0.0.tgz",
                  "integrity": "sha1-wCD1KcUoKt/dIz2R1LGBw9aG3Es="
                }
              }
            },
            "is-fullwidth-code-point": {
              "version": "1.0.0",
              "resolved": "https://registry.npmjs.org/is-fullwidth-code-point/-/is-fullwidth-code-point-1.0.0.tgz",
              "integrity": "sha1-754xOG8DGn8NZDr4L95QxFfvAMs=",
              "requires": {
                "number-is-nan": "1.0.0"
              },
              "dependencies": {
                "number-is-nan": {
                  "version": "1.0.0",
                  "resolved": "https://registry.npmjs.org/number-is-nan/-/number-is-nan-1.0.0.tgz",
                  "integrity": "sha1-wCD1KcUoKt/dIz2R1LGBw9aG3Es="
                }
              }
            },
            "mute-stream": {
              "version": "0.0.5",
              "resolved": "https://registry.npmjs.org/mute-stream/-/mute-stream-0.0.5.tgz",
              "integrity": "sha1-j7+rsKmKJT0xhDMfno3rc3L6xsA="
            }
          }
        },
        "run-async": {
          "version": "0.1.0",
          "resolved": "https://registry.npmjs.org/run-async/-/run-async-0.1.0.tgz",
          "integrity": "sha1-yK1KXhEGYeQCp9IbUw4AnyX444k=",
          "requires": {
            "once": "1.3.2"
          },
          "dependencies": {
            "once": {
              "version": "1.3.2",
              "resolved": "https://registry.npmjs.org/once/-/once-1.3.2.tgz",
              "integrity": "sha1-2P7sqTsDnsHc3ud0HJK9rF4oCBs=",
              "requires": {
                "wrappy": "1.0.1"
              },
              "dependencies": {
                "wrappy": {
                  "version": "1.0.1",
                  "resolved": "https://registry.npmjs.org/wrappy/-/wrappy-1.0.1.tgz",
                  "integrity": "sha1-HmWWmWXMvC20VIxrhKbyxa7dRzk="
                }
              }
            }
          }
        },
        "rx-lite": {
          "version": "3.1.2",
          "resolved": "https://registry.npmjs.org/rx-lite/-/rx-lite-3.1.2.tgz",
          "integrity": "sha1-Gc5QLKVyZl87ZHsQk5+X/RYV8QI="
        },
        "strip-ansi": {
          "version": "3.0.0",
          "resolved": "https://registry.npmjs.org/strip-ansi/-/strip-ansi-3.0.0.tgz",
          "integrity": "sha1-dRC2ZVZ8qRTMtdfgcnY6yWi+NyQ=",
          "requires": {
            "ansi-regex": "2.0.0"
          }
        },
        "through": {
          "version": "2.3.8",
          "resolved": "https://registry.npmjs.org/through/-/through-2.3.8.tgz",
          "integrity": "sha1-DdTJ/6q8NXlgsbckEV1+Doai4fU="
        }
      }
    },
    "isarray": {
      "version": "0.0.1",
      "resolved": "https://registry.npmjs.org/isarray/-/isarray-0.0.1.tgz",
      "integrity": "sha1-ihis/Kmo9Bd+Cav8YDiTmwXR7t8="
    },
    "minimist": {
      "version": "1.2.0",
      "resolved": "https://registry.npmjs.org/minimist/-/minimist-1.2.0.tgz",
      "integrity": "sha1-o1AIsg9BOD7sH7kU9M1d95omQoQ="
    },
    "petit": {
      "version": "0.0.6",
      "resolved": "https://registry.npmjs.org/petit/-/petit-0.0.6.tgz",
      "integrity": "sha1-9xADvjPRKGxWEVgJT75+ajQmA6c="
    },
    "readable-stream": {
      "version": "1.0.34",
      "resolved": "https://registry.npmjs.org/readable-stream/-/readable-stream-1.0.34.tgz",
      "integrity": "sha1-Elgg40vIQtLyqq+v5MKRbuMsFXw=",
      "requires": {
        "core-util-is": "1.0.2",
        "inherits": "2.0.3",
        "isarray": "0.0.1",
        "string_decoder": "0.10.31"
      }
    },
    "reply": {
      "version": "0.4.1",
      "resolved": "https://registry.npmjs.org/reply/-/reply-0.4.1.tgz",
      "integrity": "sha1-sX3DFjqi8A0SRilwV4FWmtW7Wgc="
    },
    "rtop": {
      "version": "0.4.3",
      "resolved": "https://registry.npmjs.org/rtop/-/rtop-0.4.3.tgz",
      "integrity": "sha1-xTB0Pu3ZVRbxFm750GGT/2huun0=",
      "requires": {
        "blessed": "0.0.51",
        "drawille": "0.1.1",
        "minimist": "1.2.0",
        "ssh2": "0.4.15"
      },
      "dependencies": {
        "ssh2": {
          "version": "0.4.15",
          "resolved": "https://registry.npmjs.org/ssh2/-/ssh2-0.4.15.tgz",
          "integrity": "sha1-B8b0EG2fe26m5N9jbGxT8fmBf/g=",
          "requires": {
            "readable-stream": "1.0.34",
            "ssh2-streams": "0.0.23"
          }
        }
      }
    },
    "should": {
      "version": "5.1.0",
      "resolved": "https://registry.npmjs.org/should/-/should-5.1.0.tgz",
      "integrity": "sha1-u8KG8qQJ7J+O2Qc/LcYnY8CO+ws=",
      "requires": {
        "should-equal": "0.3.1",
        "should-format": "0.0.7",
        "should-type": "0.0.4"
      },
      "dependencies": {
        "should-equal": {
          "version": "0.3.1",
          "resolved": "https://registry.npmjs.org/should-equal/-/should-equal-0.3.1.tgz",
          "integrity": "sha1-vY6pemdI45+tR2o75v1y68LnK/A=",
          "requires": {
            "should-type": "0.0.4"
          }
        },
        "should-format": {
          "version": "0.0.7",
          "resolved": "https://registry.npmjs.org/should-format/-/should-format-0.0.7.tgz",
          "integrity": "sha1-Hi74a9kdqcLgQSM1tWq6vZov3hI=",
          "requires": {
            "should-type": "0.0.4"
          }
        },
        "should-type": {
          "version": "0.0.4",
          "resolved": "https://registry.npmjs.org/should-type/-/should-type-0.0.4.tgz",
          "integrity": "sha1-ATKgVBemEmhmQmrPEW8e1WI6XNA="
        }
      }
    },
    "sinon": {
      "version": "1.13.0",
      "resolved": "https://registry.npmjs.org/sinon/-/sinon-1.13.0.tgz",
      "integrity": "sha1-LI93TmaX4Fu4UxnA5S8bi5ucsjg=",
      "requires": {
        "formatio": "1.1.1",
        "lolex": "1.1.0",
        "util": "0.10.3"
      },
      "dependencies": {
        "formatio": {
          "version": "1.1.1",
          "resolved": "https://registry.npmjs.org/formatio/-/formatio-1.1.1.tgz",
          "integrity": "sha1-XtPM1jZVEJc4NGXZlhmRAOhhYek=",
          "requires": {
            "samsam": "1.1.2"
          },
          "dependencies": {
            "samsam": {
              "version": "1.1.2",
              "resolved": "https://registry.npmjs.org/samsam/-/samsam-1.1.2.tgz",
              "integrity": "sha1-vsEf3IOp/aBjQBIQ5AF2wwJNFWc="
            }
          }
        },
        "lolex": {
          "version": "1.1.0",
          "resolved": "https://registry.npmjs.org/lolex/-/lolex-1.1.0.tgz",
          "integrity": "sha1-Xbu8hQOV51I8dLNYb3+9JibSWxs="
        },
        "util": {
          "version": "0.10.3",
          "resolved": "https://registry.npmjs.org/util/-/util-0.10.3.tgz",
          "integrity": "sha1-evsa/lCAUkZInj23/g7TeTNqwPk=",
          "requires": {
            "inherits": "2.0.1"
          },
          "dependencies": {
            "inherits": {
              "version": "2.0.1",
              "resolved": "https://registry.npmjs.org/inherits/-/inherits-2.0.1.tgz",
              "integrity": "sha1-sX0I0ya0Qj5Wjv9xn5GwscvfafE="
            }
          }
        }
      }
    },
    "ssh2": {
      "version": "0.4.5",
      "resolved": "https://registry.npmjs.org/ssh2/-/ssh2-0.4.5.tgz",
      "integrity": "sha1-E25XD6XtQ9OYyRRd6szLcWUet1I=",
      "requires": {
        "readable-stream": "1.0.33",
        "ssh2-streams": "0.0.8"
      },
      "dependencies": {
        "readable-stream": {
          "version": "1.0.33",
          "resolved": "https://registry.npmjs.org/readable-stream/-/readable-stream-1.0.33.tgz",
          "integrity": "sha1-OjYN1mwbHX/UcFOJhg7aHQ9hEmw=",
          "requires": {
            "core-util-is": "1.0.1",
            "inherits": "2.0.1",
            "isarray": "0.0.1",
            "string_decoder": "0.10.31"
          },
          "dependencies": {
            "core-util-is": {
              "version": "1.0.1",
              "resolved": "https://registry.npmjs.org/core-util-is/-/core-util-is-1.0.1.tgz",
              "integrity": "sha1-awcIWu+aPMrG7lO/nT3wwVIaVTg="
            },
            "inherits": {
              "version": "2.0.1",
              "resolved": "https://registry.npmjs.org/inherits/-/inherits-2.0.1.tgz",
              "integrity": "sha1-sX0I0ya0Qj5Wjv9xn5GwscvfafE="
            },
            "isarray": {
              "version": "0.0.1",
              "resolved": "https://registry.npmjs.org/isarray/-/isarray-0.0.1.tgz",
              "integrity": "sha1-ihis/Kmo9Bd+Cav8YDiTmwXR7t8="
            },
            "string_decoder": {
              "version": "0.10.31",
              "resolved": "https://registry.npmjs.org/string_decoder/-/string_decoder-0.10.31.tgz",
              "integrity": "sha1-YuIDvEF2bGwoyfyEMB2rHFMQ+pQ="
            }
          }
        },
        "ssh2-streams": {
          "version": "0.0.8",
          "resolved": "https://registry.npmjs.org/ssh2-streams/-/ssh2-streams-0.0.8.tgz",
          "integrity": "sha1-yZ6EFWlEN28ZALisU8tlKkn7etw=",
          "requires": {
            "asn1": "0.2.2",
            "jsbn": "0.0.0",
            "readable-stream": "1.0.33",
            "streamsearch": "0.1.2"
          },
          "dependencies": {
            "asn1": {
              "version": "0.2.2",
              "resolved": "https://registry.npmjs.org/asn1/-/asn1-0.2.2.tgz",
              "integrity": "sha1-QI/Op9tqZo8RnDipwkT+yQBhp6w="
            },
            "jsbn": {
              "version": "0.0.0",
              "resolved": "https://registry.npmjs.org/jsbn/-/jsbn-0.0.0.tgz",
              "integrity": "sha1-xScBvc7b33CE4c/HAaf4ZGSteCg="
            },
            "streamsearch": {
              "version": "0.1.2",
              "resolved": "https://registry.npmjs.org/streamsearch/-/streamsearch-0.1.2.tgz",
              "integrity": "sha1-gIudDlb8Jz2Am6VzOOkpkZoanxo="
            }
          }
        }
      }
    },
    "ssh2-streams": {
      "version": "0.0.23",
      "resolved": "https://registry.npmjs.org/ssh2-streams/-/ssh2-streams-0.0.23.tgz",
      "integrity": "sha1-ru8wgxu1/Er2qj9tCiYaQTUxYSs=",
      "requires": {
        "asn1": "0.2.3",
        "readable-stream": "1.0.34",
        "streamsearch": "0.1.2"
      }
    },
    "streamsearch": {
      "version": "0.1.2",
      "resolved": "https://registry.npmjs.org/streamsearch/-/streamsearch-0.1.2.tgz",
      "integrity": "sha1-gIudDlb8Jz2Am6VzOOkpkZoanxo="
    },
    "string_decoder": {
      "version": "0.10.31",
      "resolved": "https://registry.npmjs.org/string_decoder/-/string_decoder-0.10.31.tgz",
      "integrity": "sha1-YuIDvEF2bGwoyfyEMB2rHFMQ+pQ="
    },
    "whenever": {
      "version": "0.1.0",
      "resolved": "https://registry.npmjs.org/whenever/-/whenever-0.1.0.tgz",
      "integrity": "sha1-P7bkQ+Y9tv5Lh3vr1QSTrjVUyY4="
    }
  }
}
